
Microsoft Visual Studio Solution File, Format Version 12.00
# Visual Studio Version 17
VisualStudioVersion = 17.6.33717.318
MinimumVisualStudioVersion = 10.0.40219.1
Project("{2150E333-8FDC-42A3-9474-1A3956D46DE8}") = "1-Presentation", "1-Presentation", "{48FBAF7B-3E3F-48DE-8C0F-1E7BB1EC279B}"
EndProject
Project("{2150E333-8FDC-42A3-9474-1A3956D46DE8}") = "2-Application", "2-Application", "{16B3873B-EC6F-4639-B516-D0BADD65573B}"
EndProject
Project("{2150E333-8FDC-42A3-9474-1A3956D46DE8}") = "3-Domain", "3-Domain", "{BCC81579-2365-40D9-9BA7-FDCA316B3E04}"
EndProject
Project("{2150E333-8FDC-42A3-9474-1A3956D46DE8}") = "4-Infrastructure", "4-Infrastructure", "{E3986D38-8067-493C-B248-57B9BE8AF8F4}"
EndProject
Project("{9A19103F-16F7-4668-BE54-9A1E7A4F7556}") = "Catalog.Domain", "src\3-Domain\Catalog.Domain\Catalog.Domain.csproj", "{595CF455-87BA-4DC8-B40B-CE441BB0E4C9}"
EndProject
Project("{9A19103F-16F7-4668-BE54-9A1E7A4F7556}") = "Catalog.Domain.Customers", "src\3-Domain\Catalog.Domain.Customers\Catalog.Domain.Customers.csproj", "{1637DB92-13A6-41A4-9195-ACCA2AB1F4B3}"
EndProject
Project("{9A19103F-16F7-4668-BE54-9A1E7A4F7556}") = "Catalog.Application.Customers", "src\2-Application\Catalog.Application.Customers\Catalog.Application.Customers.csproj", "{9F9BB733-F38C-4933-B624-2EB9ED1D631C}"
EndProject
Global
	GlobalSection(SolutionConfigurationPlatforms) = preSolution
		Debug|Any CPU = Debug|Any CPU
		Release|Any CPU = Release|Any CPU
	EndGlobalSection
	GlobalSection(ProjectConfigurationPlatforms) = postSolution
		{595CF455-87BA-4DC8-B40B-CE441BB0E4C9}.Debug|Any CPU.ActiveCfg = Debug|Any CPU
		{595CF455-87BA-4DC8-B40B-CE441BB0E4C9}.Debug|Any CPU.Build.0 = Debug|Any CPU
		{595CF455-87BA-4DC8-B40B-CE441BB0E4C9}.Release|Any CPU.ActiveCfg = Release|Any CPU
		{595CF455-87BA-4DC8-B40B-CE441BB0E4C9}.Release|Any CPU.Build.0 = Release|Any CPU
		{1637DB92-13A6-41A4-9195-ACCA2AB1F4B3}.Debug|Any CPU.ActiveCfg = Debug|Any CPU
		{1637DB92-13A6-41A4-9195-ACCA2AB1F4B3}.Debug|Any CPU.Build.0 = Debug|Any CPU
		{1637DB92-13A6-41A4-9195-ACCA2AB1F4B3}.Release|Any CPU.ActiveCfg = Release|Any CPU
		{1637DB92-13A6-41A4-9195-ACCA2AB1F4B3}.Release|Any CPU.Build.0 = Release|Any CPU
		{9F9BB733-F38C-4933-B624-2EB9ED1D631C}.Debug|Any CPU.ActiveCfg = Debug|Any CPU
		{9F9BB733-F38C-4933-B624-2EB9ED1D631C}.Debug|Any CPU.Build.0 = Debug|Any CPU
		{9F9BB733-F38C-4933-B624-2EB9ED1D631C}.Release|Any CPU.ActiveCfg = Release|Any CPU
		{9F9BB733-F38C-4933-B624-2EB9ED1D631C}.Release|Any CPU.Build.0 = Release|Any CPU
	EndGlobalSection
	GlobalSection(SolutionProperties) = preSolution
		HideSolutionNode = FALSE
	EndGlobalSection
	GlobalSection(NestedProjects) = preSolution
		{595CF455-87BA-4DC8-B40B-CE441BB0E4C9} = {BCC81579-2365-40D9-9BA7-FDCA316B3E04}
		{1637DB92-13A6-41A4-9195-ACCA2AB1F4B3} = {BCC81579-2365-40D9-9BA7-FDCA316B3E04}
		{9F9BB733-F38C-4933-B624-2EB9ED1D631C} = {16B3873B-EC6F-4639-B516-D0BADD65573B}
	EndGlobalSection
	GlobalSection(ExtensibilityGlobals) = postSolution
		SolutionGuid = {F7E637F9-3DF3-4A01-AA57-7008B254D545}
	EndGlobalSection
EndGlobal
